
Microsoft Visual Studio Solution File, Format Version 12.00
# Visual Studio Version 16
VisualStudioVersion = 16.0.29509.3
MinimumVisualStudioVersion = 10.0.40219.1
Project("{FAE04EC0-301F-11D3-BF4B-00C04F79EFBC}") = "findRandomNumber", "findRandomNumber\findRandomNumber.csproj", "{52819B9C-C6AE-41C3-A60B-884D87558838}"
EndProject
Global
	GlobalSection(SolutionConfigurationPlatforms) = preSolution
		Debug|Any CPU = Debug|Any CPU
		Release|Any CPU = Release|Any CPU
	EndGlobalSection
	GlobalSection(ProjectConfigurationPlatforms) = postSolution
		{52819B9C-C6AE-41C3-A60B-884D87558838}.Debug|Any CPU.ActiveCfg = Debug|Any CPU
		{52819B9C-C6AE-41C3-A60B-884D87558838}.Debug|Any CPU.Build.0 = Debug|Any CPU
		{52819B9C-C6AE-41C3-A60B-884D87558838}.Release|Any CPU.ActiveCfg = Release|Any CPU
		{52819B9C-C6AE-41C3-A60B-884D87558838}.Release|Any CPU.Build.0 = Release|Any CPU
	EndGlobalSection
	GlobalSection(SolutionProperties) = preSolution
		HideSolutionNode = FALSE
	EndGlobalSection
	GlobalSection(ExtensibilityGlobals) = postSolution
		SolutionGuid = {203DCF7D-F69E-41A5-945B-9229CDFC2798}
	EndGlobalSection
EndGlobal
